
Microsoft Visual Studio Solution File, Format Version 12.00
# Visual Studio 15
Project("{FAE04EC0-301F-11D3-BF4B-00C04F79EFBC}") = "Assembly-CSharp", "Assembly-CSharp.csproj", "{A425CA46-D556-6A99-FCC4-9FC3E77271BC}"
EndProject
Project("{FAE04EC0-301F-11D3-BF4B-00C04F79EFBC}") = "Assembly-CSharp-Editor", "Assembly-CSharp-Editor.csproj", "{F16971ED-FD7B-E4F2-9186-0DAFD52A2181}"
EndProject
Global
	GlobalSection(SolutionConfigurationPlatforms) = preSolution
		Debug|Any CPU = Debug|Any CPU
		Release|Any CPU = Release|Any CPU
	EndGlobalSection
	GlobalSection(ProjectConfigurationPlatforms) = postSolution
		{A425CA46-D556-6A99-FCC4-9FC3E77271BC}.Debug|Any CPU.ActiveCfg = Debug|Any CPU
		{A425CA46-D556-6A99-FCC4-9FC3E77271BC}.Debug|Any CPU.Build.0 = Debug|Any CPU
		{A425CA46-D556-6A99-FCC4-9FC3E77271BC}.Release|Any CPU.ActiveCfg = Release|Any CPU
		{A425CA46-D556-6A99-FCC4-9FC3E77271BC}.Release|Any CPU.Build.0 = Release|Any CPU
		{F16971ED-FD7B-E4F2-9186-0DAFD52A2181}.Debug|Any CPU.ActiveCfg = Debug|Any CPU
		{F16971ED-FD7B-E4F2-9186-0DAFD52A2181}.Debug|Any CPU.Build.0 = Debug|Any CPU
		{F16971ED-FD7B-E4F2-9186-0DAFD52A2181}.Release|Any CPU.ActiveCfg = Release|Any CPU
		{F16971ED-FD7B-E4F2-9186-0DAFD52A2181}.Release|Any CPU.Build.0 = Release|Any CPU
	EndGlobalSection
	GlobalSection(SolutionProperties) = preSolution
		HideSolutionNode = FALSE
	EndGlobalSection
EndGlobal
